
Microsoft Visual Studio Solution File, Format Version 12.00
# Visual Studio Version 18
VisualStudioVersion = 18.0.11201.2
MinimumVisualStudioVersion = 10.0.40219.1
Project("{FAE04EC0-301F-11D3-BF4B-00C04F79EFBC}") = "StreamFlow.App", "StreamFlow.App\StreamFlow.App.csproj", "{5BACE5A5-1A5D-4D06-AA84-FBE74E8E9069}"
EndProject
Project("{FAE04EC0-301F-11D3-BF4B-00C04F79EFBC}") = "StreamFlow.Tests", "StreamFlow.Tests\StreamFlow.Tests.csproj", "{D1A4E8C8-6E2D-4D1B-A6C0-4E4F2B1F9B6C}"
EndProject
Project("{FAE04EC0-301F-11D3-BF4B-00C04F79EFBC}") = "StreamFlow.Core", "StreamFlow.Core\StreamFlow.Core.csproj", "{C159CE6D-F61D-4777-8E13-6BAB02EC4FB9}"
EndProject
Project("{2150E333-8FDC-42A3-9474-1A3956D46DE8}") = "Solution Items", "Solution Items", "{8EC462FD-D22E-90A8-E5CE-7E832BA40C5D}"
	ProjectSection(SolutionItems) = preProject
		CodeAnalysis.ruleset = CodeAnalysis.ruleset
	EndProjectSection
EndProject
Project("{FAE04EC0-301F-11D3-BF4B-00C04F79EFBC}") = "SoundFlow", "SoundFlow\Src\SoundFlow.csproj", "{18ED520A-4CC7-9AC4-4B03-CA9492E5D7C2}"
EndProject
Project("{C7167F0D-BC9F-4E6E-AFE1-012C56B48DB5}") = "StreamFlow.App.Package", "StreamFlow.App.Package\StreamFlow.App.Package.wapproj", "{D22EEF57-AD93-4390-B3AC-C32EA2303F6D}"
EndProject
Project("{FAE04EC0-301F-11D3-BF4B-00C04F79EFBC}") = "libxmpBindings", "libxmpBindings\libxmpBindings\libxmpBindings.csproj", "{0052603F-9341-FD20-81CE-A6E52D288AEF}"
EndProject
Project("{FAE04EC0-301F-11D3-BF4B-00C04F79EFBC}") = "ATL", "atldotnet\ATL\ATL.csproj", "{95521A18-665E-2987-BACF-03ED2D5951B0}"
EndProject
Project("{2150E333-8FDC-42A3-9474-1A3956D46DE8}") = "Components", "Components", "{83E2C79E-E5EC-4CBA-ADED-1C35530600F5}"
EndProject
Project("{FAE04EC0-301F-11D3-BF4B-00C04F79EFBC}") = "StreamFlow.Plugin.SDK", "StreamFlow.Plugin.SDK\StreamFlow.Plugin.SDK.csproj", "{E9A07569-7219-40E7-85E3-189A0061B696}"
EndProject
Project("{2150E333-8FDC-42A3-9474-1A3956D46DE8}") = "plugins", "plugins", "{07D57EEB-2F50-60C4-C011-FE4FA775C9A8}"
EndProject
Project("{FAE04EC0-301F-11D3-BF4B-00C04F79EFBC}") = "StreamFlow.Plugin.Marquee", "plugins\StreamFlow.Plugin.Marquee\StreamFlow.Plugin.Marquee.csproj", "{3226629C-7257-4E9D-AFA1-8DE2CB6B3895}"
EndProject
Global
	GlobalSection(SolutionConfigurationPlatforms) = preSolution
		Debug|Any CPU = Debug|Any CPU
		Debug|ARM = Debug|ARM
		Debug|ARM64 = Debug|ARM64
		Debug|x64 = Debug|x64
		Debug|x86 = Debug|x86
		Release|Any CPU = Release|Any CPU
		Release|ARM = Release|ARM
		Release|ARM64 = Release|ARM64
		Release|x64 = Release|x64
		Release|x86 = Release|x86
	EndGlobalSection
	GlobalSection(ProjectConfigurationPlatforms) = postSolution
		{5BACE5A5-1A5D-4D06-AA84-FBE74E8E9069}.Debug|Any CPU.ActiveCfg = Debug|Any CPU
		{5BACE5A5-1A5D-4D06-AA84-FBE74E8E9069}.Debug|Any CPU.Build.0 = Debug|Any CPU
		{5BACE5A5-1A5D-4D06-AA84-FBE74E8E9069}.Debug|ARM.ActiveCfg = Debug|Any CPU
		{5BACE5A5-1A5D-4D06-AA84-FBE74E8E9069}.Debug|ARM.Build.0 = Debug|Any CPU
		{5BACE5A5-1A5D-4D06-AA84-FBE74E8E9069}.Debug|ARM64.ActiveCfg = Debug|Any CPU
		{5BACE5A5-1A5D-4D06-AA84-FBE74E8E9069}.Debug|ARM64.Build.0 = Debug|Any CPU
		{5BACE5A5-1A5D-4D06-AA84-FBE74E8E9069}.Debug|x64.ActiveCfg = Debug|Any CPU
		{5BACE5A5-1A5D-4D06-AA84-FBE74E8E9069}.Debug|x64.Build.0 = Debug|Any CPU
		{5BACE5A5-1A5D-4D06-AA84-FBE74E8E9069}.Debug|x86.ActiveCfg = Debug|Any CPU
		{5BACE5A5-1A5D-4D06-AA84-FBE74E8E9069}.Debug|x86.Build.0 = Debug|Any CPU
		{5BACE5A5-1A5D-4D06-AA84-FBE74E8E9069}.Release|Any CPU.ActiveCfg = Release|Any CPU
		{5BACE5A5-1A5D-4D06-AA84-FBE74E8E9069}.Release|Any CPU.Build.0 = Release|Any CPU
		{5BACE5A5-1A5D-4D06-AA84-FBE74E8E9069}.Release|ARM.ActiveCfg = Release|Any CPU
		{5BACE5A5-1A5D-4D06-AA84-FBE74E8E9069}.Release|ARM.Build.0 = Release|Any CPU
		{5BACE5A5-1A5D-4D06-AA84-FBE74E8E9069}.Release|ARM64.ActiveCfg = Release|Any CPU
		{5BACE5A5-1A5D-4D06-AA84-FBE74E8E9069}.Release|ARM64.Build.0 = Release|Any CPU
		{5BACE5A5-1A5D-4D06-AA84-FBE74E8E9069}.Release|x64.ActiveCfg = Release|Any CPU
		{5BACE5A5-1A5D-4D06-AA84-FBE74E8E9069}.Release|x64.Build.0 = Release|Any CPU
		{5BACE5A5-1A5D-4D06-AA84-FBE74E8E9069}.Release|x86.ActiveCfg = Release|Any CPU
		{5BACE5A5-1A5D-4D06-AA84-FBE74E8E9069}.Release|x86.Build.0 = Release|Any CPU
		{D1A4E8C8-6E2D-4D1B-A6C0-4E4F2B1F9B6C}.Debug|Any CPU.ActiveCfg = Debug|Any CPU
		{D1A4E8C8-6E2D-4D1B-A6C0-4E4F2B1F9B6C}.Debug|Any CPU.Build.0 = Debug|Any CPU
		{D1A4E8C8-6E2D-4D1B-A6C0-4E4F2B1F9B6C}.Debug|ARM.ActiveCfg = Debug|Any CPU
		{D1A4E8C8-6E2D-4D1B-A6C0-4E4F2B1F9B6C}.Debug|ARM.Build.0 = Debug|Any CPU
		{D1A4E8C8-6E2D-4D1B-A6C0-4E4F2B1F9B6C}.Debug|ARM64.ActiveCfg = Debug|Any CPU
		{D1A4E8C8-6E2D-4D1B-A6C0-4E4F2B1F9B6C}.Debug|ARM64.Build.0 = Debug|Any CPU
		{D1A4E8C8-6E2D-4D1B-A6C0-4E4F2B1F9B6C}.Debug|x64.ActiveCfg = Debug|Any CPU
		{D1A4E8C8-6E2D-4D1B-A6C0-4E4F2B1F9B6C}.Debug|x64.Build.0 = Debug|Any CPU
		{D1A4E8C8-6E2D-4D1B-A6C0-4E4F2B1F9B6C}.Debug|x86.ActiveCfg = Debug|Any CPU
		{D1A4E8C8-6E2D-4D1B-A6C0-4E4F2B1F9B6C}.Debug|x86.Build.0 = Debug|Any CPU
		{D1A4E8C8-6E2D-4D1B-A6C0-4E4F2B1F9B6C}.Release|Any CPU.ActiveCfg = Release|Any CPU
		{D1A4E8C8-6E2D-4D1B-A6C0-4E4F2B1F9B6C}.Release|Any CPU.Build.0 = Release|Any CPU
		{D1A4E8C8-6E2D-4D1B-A6C0-4E4F2B1F9B6C}.Release|ARM.ActiveCfg = Release|Any CPU
		{D1A4E8C8-6E2D-4D1B-A6C0-4E4F2B1F9B6C}.Release|ARM.Build.0 = Release|Any CPU
		{D1A4E8C8-6E2D-4D1B-A6C0-4E4F2B1F9B6C}.Release|ARM64.ActiveCfg = Release|Any CPU
		{D1A4E8C8-6E2D-4D1B-A6C0-4E4F2B1F9B6C}.Release|ARM64.Build.0 = Release|Any CPU
		{D1A4E8C8-6E2D-4D1B-A6C0-4E4F2B1F9B6C}.Release|x64.ActiveCfg = Release|Any CPU
		{D1A4E8C8-6E2D-4D1B-A6C0-4E4F2B1F9B6C}.Release|x86.ActiveCfg = Release|Any CPU
		{D1A4E8C8-6E2D-4D1B-A6C0-4E4F2B1F9B6C}.Release|x86.Build.0 = Release|Any CPU
		{C159CE6D-F61D-4777-8E13-6BAB02EC4FB9}.Debug|Any CPU.ActiveCfg = Debug|Any CPU
		{C159CE6D-F61D-4777-8E13-6BAB02EC4FB9}.Debug|Any CPU.Build.0 = Debug|Any CPU
		{C159CE6D-F61D-4777-8E13-6BAB02EC4FB9}.Debug|ARM.ActiveCfg = Debug|Any CPU
		{C159CE6D-F61D-4777-8E13-6BAB02EC4FB9}.Debug|ARM.Build.0 = Debug|Any CPU
		{C159CE6D-F61D-4777-8E13-6BAB02EC4FB9}.Debug|ARM64.ActiveCfg = Debug|Any CPU
		{C159CE6D-F61D-4777-8E13-6BAB02EC4FB9}.Debug|ARM64.Build.0 = Debug|Any CPU
		{C159CE6D-F61D-4777-8E13-6BAB02EC4FB9}.Debug|x64.ActiveCfg = Debug|Any CPU
		{C159CE6D-F61D-4777-8E13-6BAB02EC4FB9}.Debug|x64.Build.0 = Debug|Any CPU
		{C159CE6D-F61D-4777-8E13-6BAB02EC4FB9}.Debug|x86.ActiveCfg = Debug|Any CPU
		{C159CE6D-F61D-4777-8E13-6BAB02EC4FB9}.Debug|x86.Build.0 = Debug|Any CPU
		{C159CE6D-F61D-4777-8E13-6BAB02EC4FB9}.Release|Any CPU.ActiveCfg = Release|Any CPU
		{C159CE6D-F61D-4777-8E13-6BAB02EC4FB9}.Release|Any CPU.Build.0 = Release|Any CPU
		{C159CE6D-F61D-4777-8E13-6BAB02EC4FB9}.Release|ARM.ActiveCfg = Release|Any CPU
		{C159CE6D-F61D-4777-8E13-6BAB02EC4FB9}.Release|ARM.Build.0 = Release|Any CPU
		{C159CE6D-F61D-4777-8E13-6BAB02EC4FB9}.Release|ARM64.ActiveCfg = Release|Any CPU
		{C159CE6D-F61D-4777-8E13-6BAB02EC4FB9}.Release|ARM64.Build.0 = Release|Any CPU
		{C159CE6D-F61D-4777-8E13-6BAB02EC4FB9}.Release|x64.ActiveCfg = Release|Any CPU
		{C159CE6D-F61D-4777-8E13-6BAB02EC4FB9}.Release|x64.Build.0 = Release|Any CPU
		{C159CE6D-F61D-4777-8E13-6BAB02EC4FB9}.Release|x86.ActiveCfg = Release|Any CPU
		{C159CE6D-F61D-4777-8E13-6BAB02EC4FB9}.Release|x86.Build.0 = Release|Any CPU
		{18ED520A-4CC7-9AC4-4B03-CA9492E5D7C2}.Debug|Any CPU.ActiveCfg = Debug|Any CPU
		{18ED520A-4CC7-9AC4-4B03-CA9492E5D7C2}.Debug|Any CPU.Build.0 = Debug|Any CPU
		{18ED520A-4CC7-9AC4-4B03-CA9492E5D7C2}.Debug|ARM.ActiveCfg = Debug|Any CPU
		{18ED520A-4CC7-9AC4-4B03-CA9492E5D7C2}.Debug|ARM.Build.0 = Debug|Any CPU
		{18ED520A-4CC7-9AC4-4B03-CA9492E5D7C2}.Debug|ARM64.ActiveCfg = Debug|Any CPU
		{18ED520A-4CC7-9AC4-4B03-CA9492E5D7C2}.Debug|ARM64.Build.0 = Debug|Any CPU
		{18ED520A-4CC7-9AC4-4B03-CA9492E5D7C2}.Debug|x64.ActiveCfg = Debug|Any CPU
		{18ED520A-4CC7-9AC4-4B03-CA9492E5D7C2}.Debug|x64.Build.0 = Debug|Any CPU
		{18ED520A-4CC7-9AC4-4B03-CA9492E5D7C2}.Debug|x86.ActiveCfg = Debug|Any CPU
		{18ED520A-4CC7-9AC4-4B03-CA9492E5D7C2}.Debug|x86.Build.0 = Debug|Any CPU
		{18ED520A-4CC7-9AC4-4B03-CA9492E5D7C2}.Release|Any CPU.ActiveCfg = Release|Any CPU
		{18ED520A-4CC7-9AC4-4B03-CA9492E5D7C2}.Release|Any CPU.Build.0 = Release|Any CPU
		{18ED520A-4CC7-9AC4-4B03-CA9492E5D7C2}.Release|ARM.ActiveCfg = Release|Any CPU
		{18ED520A-4CC7-9AC4-4B03-CA9492E5D7C2}.Release|ARM.Build.0 = Release|Any CPU
		{18ED520A-4CC7-9AC4-4B03-CA9492E5D7C2}.Release|ARM64.ActiveCfg = Release|Any CPU
		{18ED520A-4CC7-9AC4-4B03-CA9492E5D7C2}.Release|ARM64.Build.0 = Release|Any CPU
		{18ED520A-4CC7-9AC4-4B03-CA9492E5D7C2}.Release|x64.ActiveCfg = Release|Any CPU
		{18ED520A-4CC7-9AC4-4B03-CA9492E5D7C2}.Release|x64.Build.0 = Release|Any CPU
		{18ED520A-4CC7-9AC4-4B03-CA9492E5D7C2}.Release|x86.ActiveCfg = Release|Any CPU
		{18ED520A-4CC7-9AC4-4B03-CA9492E5D7C2}.Release|x86.Build.0 = Release|Any CPU
		{D22EEF57-AD93-4390-B3AC-C32EA2303F6D}.Debug|Any CPU.ActiveCfg = Debug|Any CPU
		{D22EEF57-AD93-4390-B3AC-C32EA2303F6D}.Debug|Any CPU.Build.0 = Debug|Any CPU
		{D22EEF57-AD93-4390-B3AC-C32EA2303F6D}.Debug|Any CPU.Deploy.0 = Debug|Any CPU
		{D22EEF57-AD93-4390-B3AC-C32EA2303F6D}.Debug|ARM.ActiveCfg = Debug|ARM
		{D22EEF57-AD93-4390-B3AC-C32EA2303F6D}.Debug|ARM.Build.0 = Debug|ARM
		{D22EEF57-AD93-4390-B3AC-C32EA2303F6D}.Debug|ARM.Deploy.0 = Debug|ARM
		{D22EEF57-AD93-4390-B3AC-C32EA2303F6D}.Debug|ARM64.ActiveCfg = Debug|ARM64
		{D22EEF57-AD93-4390-B3AC-C32EA2303F6D}.Debug|ARM64.Build.0 = Debug|ARM64
		{D22EEF57-AD93-4390-B3AC-C32EA2303F6D}.Debug|ARM64.Deploy.0 = Debug|ARM64
		{D22EEF57-AD93-4390-B3AC-C32EA2303F6D}.Debug|x64.ActiveCfg = Debug|x64
		{D22EEF57-AD93-4390-B3AC-C32EA2303F6D}.Debug|x64.Build.0 = Debug|x64
		{D22EEF57-AD93-4390-B3AC-C32EA2303F6D}.Debug|x64.Deploy.0 = Debug|x64
		{D22EEF57-AD93-4390-B3AC-C32EA2303F6D}.Debug|x86.ActiveCfg = Debug|x86
		{D22EEF57-AD93-4390-B3AC-C32EA2303F6D}.Debug|x86.Build.0 = Debug|x86
		{D22EEF57-AD93-4390-B3AC-C32EA2303F6D}.Debug|x86.Deploy.0 = Debug|x86
		{D22EEF57-AD93-4390-B3AC-C32EA2303F6D}.Release|Any CPU.ActiveCfg = Release|Any CPU
		{D22EEF57-AD93-4390-B3AC-C32EA2303F6D}.Release|Any CPU.Build.0 = Release|Any CPU
		{D22EEF57-AD93-4390-B3AC-C32EA2303F6D}.Release|Any CPU.Deploy.0 = Release|Any CPU
		{D22EEF57-AD93-4390-B3AC-C32EA2303F6D}.Release|ARM.ActiveCfg = Release|ARM
		{D22EEF57-AD93-4390-B3AC-C32EA2303F6D}.Release|ARM.Build.0 = Release|ARM
		{D22EEF57-AD93-4390-B3AC-C32EA2303F6D}.Release|ARM.Deploy.0 = Release|ARM
		{D22EEF57-AD93-4390-B3AC-C32EA2303F6D}.Release|ARM64.ActiveCfg = Release|ARM64
		{D22EEF57-AD93-4390-B3AC-C32EA2303F6D}.Release|ARM64.Build.0 = Release|ARM64
		{D22EEF57-AD93-4390-B3AC-C32EA2303F6D}.Release|ARM64.Deploy.0 = Release|ARM64
		{D22EEF57-AD93-4390-B3AC-C32EA2303F6D}.Release|x64.ActiveCfg = Release|x64
		{D22EEF57-AD93-4390-B3AC-C32EA2303F6D}.Release|x64.Build.0 = Release|x64
		{D22EEF57-AD93-4390-B3AC-C32EA2303F6D}.Release|x64.Deploy.0 = Release|x64
		{D22EEF57-AD93-4390-B3AC-C32EA2303F6D}.Release|x86.ActiveCfg = Release|x86
		{D22EEF57-AD93-4390-B3AC-C32EA2303F6D}.Release|x86.Build.0 = Release|x86
		{D22EEF57-AD93-4390-B3AC-C32EA2303F6D}.Release|x86.Deploy.0 = Release|x86
		{0052603F-9341-FD20-81CE-A6E52D288AEF}.Debug|Any CPU.ActiveCfg = Debug|Any CPU
		{0052603F-9341-FD20-81CE-A6E52D288AEF}.Debug|Any CPU.Build.0 = Debug|Any CPU
		{0052603F-9341-FD20-81CE-A6E52D288AEF}.Debug|ARM.ActiveCfg = Debug|Any CPU
		{0052603F-9341-FD20-81CE-A6E52D288AEF}.Debug|ARM.Build.0 = Debug|Any CPU
		{0052603F-9341-FD20-81CE-A6E52D288AEF}.Debug|ARM64.ActiveCfg = Debug|Any CPU
		{0052603F-9341-FD20-81CE-A6E52D288AEF}.Debug|ARM64.Build.0 = Debug|Any CPU
		{0052603F-9341-FD20-81CE-A6E52D288AEF}.Debug|x64.ActiveCfg = Debug|x64
		{0052603F-9341-FD20-81CE-A6E52D288AEF}.Debug|x64.Build.0 = Debug|x64
		{0052603F-9341-FD20-81CE-A6E52D288AEF}.Debug|x86.ActiveCfg = Debug|Any CPU
		{0052603F-9341-FD20-81CE-A6E52D288AEF}.Debug|x86.Build.0 = Debug|Any CPU
		{0052603F-9341-FD20-81CE-A6E52D288AEF}.Release|Any CPU.ActiveCfg = Release|Any CPU
		{0052603F-9341-FD20-81CE-A6E52D288AEF}.Release|Any CPU.Build.0 = Release|Any CPU
		{0052603F-9341-FD20-81CE-A6E52D288AEF}.Release|ARM.ActiveCfg = Release|Any CPU
		{0052603F-9341-FD20-81CE-A6E52D288AEF}.Release|ARM.Build.0 = Release|Any CPU
		{0052603F-9341-FD20-81CE-A6E52D288AEF}.Release|ARM64.ActiveCfg = Release|Any CPU
		{0052603F-9341-FD20-81CE-A6E52D288AEF}.Release|ARM64.Build.0 = Release|Any CPU
		{0052603F-9341-FD20-81CE-A6E52D288AEF}.Release|x64.ActiveCfg = Release|x64
		{0052603F-9341-FD20-81CE-A6E52D288AEF}.Release|x64.Build.0 = Release|x64
		{0052603F-9341-FD20-81CE-A6E52D288AEF}.Release|x86.ActiveCfg = Release|Any CPU
		{0052603F-9341-FD20-81CE-A6E52D288AEF}.Release|x86.Build.0 = Release|Any CPU
		{95521A18-665E-2987-BACF-03ED2D5951B0}.Debug|Any CPU.ActiveCfg = Debug|Any CPU
		{95521A18-665E-2987-BACF-03ED2D5951B0}.Debug|Any CPU.Build.0 = Debug|Any CPU
		{95521A18-665E-2987-BACF-03ED2D5951B0}.Debug|ARM.ActiveCfg = Debug|Any CPU
		{95521A18-665E-2987-BACF-03ED2D5951B0}.Debug|ARM.Build.0 = Debug|Any CPU
		{95521A18-665E-2987-BACF-03ED2D5951B0}.Debug|ARM64.ActiveCfg = Debug|Any CPU
		{95521A18-665E-2987-BACF-03ED2D5951B0}.Debug|ARM64.Build.0 = Debug|Any CPU
		{95521A18-665E-2987-BACF-03ED2D5951B0}.Debug|x64.ActiveCfg = Debug|Any CPU
		{95521A18-665E-2987-BACF-03ED2D5951B0}.Debug|x64.Build.0 = Debug|Any CPU
		{95521A18-665E-2987-BACF-03ED2D5951B0}.Debug|x86.ActiveCfg = Debug|Any CPU
		{95521A18-665E-2987-BACF-03ED2D5951B0}.Debug|x86.Build.0 = Debug|Any CPU
		{95521A18-665E-2987-BACF-03ED2D5951B0}.Release|Any CPU.ActiveCfg = Release|Any CPU
		{95521A18-665E-2987-BACF-03ED2D5951B0}.Release|Any CPU.Build.0 = Release|Any CPU
		{95521A18-665E-2987-BACF-03ED2D5951B0}.Release|ARM.ActiveCfg = Release|Any CPU
		{95521A18-665E-2987-BACF-03ED2D5951B0}.Release|ARM.Build.0 = Release|Any CPU
		{95521A18-665E-2987-BACF-03ED2D5951B0}.Release|ARM64.ActiveCfg = Release|Any CPU
		{95521A18-665E-2987-BACF-03ED2D5951B0}.Release|ARM64.Build.0 = Release|Any CPU
		{95521A18-665E-2987-BACF-03ED2D5951B0}.Release|x64.ActiveCfg = Release|Any CPU
		{95521A18-665E-2987-BACF-03ED2D5951B0}.Release|x64.Build.0 = Release|Any CPU
		{95521A18-665E-2987-BACF-03ED2D5951B0}.Release|x86.ActiveCfg = Release|Any CPU
		{95521A18-665E-2987-BACF-03ED2D5951B0}.Release|x86.Build.0 = Release|Any CPU
		{E9A07569-7219-40E7-85E3-189A0061B696}.Debug|Any CPU.ActiveCfg = Debug|Any CPU
		{E9A07569-7219-40E7-85E3-189A0061B696}.Debug|Any CPU.Build.0 = Debug|Any CPU
		{E9A07569-7219-40E7-85E3-189A0061B696}.Debug|ARM.ActiveCfg = Debug|Any CPU
		{E9A07569-7219-40E7-85E3-189A0061B696}.Debug|ARM.Build.0 = Debug|Any CPU
		{E9A07569-7219-40E7-85E3-189A0061B696}.Debug|ARM64.ActiveCfg = Debug|Any CPU
		{E9A07569-7219-40E7-85E3-189A0061B696}.Debug|ARM64.Build.0 = Debug|Any CPU
		{E9A07569-7219-40E7-85E3-189A0061B696}.Debug|x64.ActiveCfg = Debug|Any CPU
		{E9A07569-7219-40E7-85E3-189A0061B696}.Debug|x64.Build.0 = Debug|Any CPU
		{E9A07569-7219-40E7-85E3-189A0061B696}.Debug|x86.ActiveCfg = Debug|Any CPU
		{E9A07569-7219-40E7-85E3-189A0061B696}.Debug|x86.Build.0 = Debug|Any CPU
		{E9A07569-7219-40E7-85E3-189A0061B696}.Release|Any CPU.ActiveCfg = Release|Any CPU
		{E9A07569-7219-40E7-85E3-189A0061B696}.Release|Any CPU.Build.0 = Release|Any CPU
		{E9A07569-7219-40E7-85E3-189A0061B696}.Release|ARM.ActiveCfg = Release|Any CPU
		{E9A07569-7219-40E7-85E3-189A0061B696}.Release|ARM.Build.0 = Release|Any CPU
		{E9A07569-7219-40E7-85E3-189A0061B696}.Release|ARM64.ActiveCfg = Release|Any CPU
		{E9A07569-7219-40E7-85E3-189A0061B696}.Release|ARM64.Build.0 = Release|Any CPU
		{E9A07569-7219-40E7-85E3-189A0061B696}.Release|x64.ActiveCfg = Release|Any CPU
		{E9A07569-7219-40E7-85E3-189A0061B696}.Release|x64.Build.0 = Release|Any CPU
		{E9A07569-7219-40E7-85E3-189A0061B696}.Release|x86.ActiveCfg = Release|Any CPU
		{E9A07569-7219-40E7-85E3-189A0061B696}.Release|x86.Build.0 = Release|Any CPU
		{3226629C-7257-4E9D-AFA1-8DE2CB6B3895}.Debug|Any CPU.ActiveCfg = Debug|Any CPU
		{3226629C-7257-4E9D-AFA1-8DE2CB6B3895}.Debug|Any CPU.Build.0 = Debug|Any CPU
		{3226629C-7257-4E9D-AFA1-8DE2CB6B3895}.Debug|ARM.ActiveCfg = Debug|Any CPU
		{3226629C-7257-4E9D-AFA1-8DE2CB6B3895}.Debug|ARM.Build.0 = Debug|Any CPU
		{3226629C-7257-4E9D-AFA1-8DE2CB6B3895}.Debug|ARM64.ActiveCfg = Debug|Any CPU
		{3226629C-7257-4E9D-AFA1-8DE2CB6B3895}.Debug|ARM64.Build.0 = Debug|Any CPU
		{3226629C-7257-4E9D-AFA1-8DE2CB6B3895}.Debug|x64.ActiveCfg = Debug|Any CPU
		{3226629C-7257-4E9D-AFA1-8DE2CB6B3895}.Debug|x64.Build.0 = Debug|Any CPU
		{3226629C-7257-4E9D-AFA1-8DE2CB6B3895}.Debug|x86.ActiveCfg = Debug|Any CPU
		{3226629C-7257-4E9D-AFA1-8DE2CB6B3895}.Debug|x86.Build.0 = Debug|Any CPU
		{3226629C-7257-4E9D-AFA1-8DE2CB6B3895}.Release|Any CPU.ActiveCfg = Release|Any CPU
		{3226629C-7257-4E9D-AFA1-8DE2CB6B3895}.Release|Any CPU.Build.0 = Release|Any CPU
		{3226629C-7257-4E9D-AFA1-8DE2CB6B3895}.Release|ARM.ActiveCfg = Release|Any CPU
		{3226629C-7257-4E9D-AFA1-8DE2CB6B3895}.Release|ARM.Build.0 = Release|Any CPU
		{3226629C-7257-4E9D-AFA1-8DE2CB6B3895}.Release|ARM64.ActiveCfg = Release|Any CPU
		{3226629C-7257-4E9D-AFA1-8DE2CB6B3895}.Release|ARM64.Build.0 = Release|Any CPU
		{3226629C-7257-4E9D-AFA1-8DE2CB6B3895}.Release|x64.ActiveCfg = Release|Any CPU
		{3226629C-7257-4E9D-AFA1-8DE2CB6B3895}.Release|x64.Build.0 = Release|Any CPU
		{3226629C-7257-4E9D-AFA1-8DE2CB6B3895}.Release|x86.ActiveCfg = Release|Any CPU
		{3226629C-7257-4E9D-AFA1-8DE2CB6B3895}.Release|x86.Build.0 = Release|Any CPU
	EndGlobalSection
	GlobalSection(SolutionProperties) = preSolution
		HideSolutionNode = FALSE
	EndGlobalSection
	GlobalSection(NestedProjects) = preSolution
		{18ED520A-4CC7-9AC4-4B03-CA9492E5D7C2} = {83E2C79E-E5EC-4CBA-ADED-1C35530600F5}
		{0052603F-9341-FD20-81CE-A6E52D288AEF} = {83E2C79E-E5EC-4CBA-ADED-1C35530600F5}
		{95521A18-665E-2987-BACF-03ED2D5951B0} = {83E2C79E-E5EC-4CBA-ADED-1C35530600F5}
		{3226629C-7257-4E9D-AFA1-8DE2CB6B3895} = {07D57EEB-2F50-60C4-C011-FE4FA775C9A8}
	EndGlobalSection
	GlobalSection(ExtensibilityGlobals) = postSolution
		SolutionGuid = {96BEB17E-AF15-4BE2-8A24-847DAE851D81}
	EndGlobalSection
EndGlobal
