
Microsoft Visual Studio Solution File, Format Version 12.00
Project("{FAE04EC0-301F-11D3-BF4B-00C04F79EFBC}") = "SoundFlow", "Src/SoundFlow.csproj", "{D4326C2E-CDB3-47D4-8116-BB3872E81323}"
EndProject
Project("{2150E333-8FDC-42A3-9474-1A3956D46DE8}") = "Src", "Src", "{7841F9AA-861F-4684-8DEC-2828FB3AE048}"
EndProject
Project("{2150E333-8FDC-42A3-9474-1A3956D46DE8}") = "Samples", "Samples", "{BE06375D-0A93-4916-A551-9875089314CC}"
EndProject
Project("{FAE04EC0-301F-11D3-BF4B-00C04F79EFBC}") = "SoundFlow.Samples.SimplePlayer", "Samples\SoundFlow.Samples.SimplePlayer\SoundFlow.Samples.SimplePlayer.csproj", "{11313B38-7DB4-49D9-8828-082CD93412ED}"
EndProject
Project("{FAE04EC0-301F-11D3-BF4B-00C04F79EFBC}") = "SoundFlow.Samples.SwitchDevices", "Samples\SoundFlow.Samples.SwitchDevices\SoundFlow.Samples.SwitchDevices.csproj", "{46559898-2133-42CD-BE0A-B5FA9A31E737}"
EndProject
Project("{2150E333-8FDC-42A3-9474-1A3956D46DE8}") = "Extensions", "Extensions", "{E17494BE-7B68-48EF-8541-0E0C213FAE40}"
EndProject
Project("{FAE04EC0-301F-11D3-BF4B-00C04F79EFBC}") = "SoundFlow.Extensions.WebRtc.Apm", "Extensions\SoundFlow.Extensions.WebRtc.Apm\SoundFlow.Extensions.WebRtc.Apm.csproj", "{961D254C-F8F7-4FD4-A2D3-D3F7821BC768}"
EndProject
Project("{FAE04EC0-301F-11D3-BF4B-00C04F79EFBC}") = "SoundFlow.Samples.NoiseSuppression", "Samples\SoundFlow.Samples.NoiseSuppression\SoundFlow.Samples.NoiseSuppression.csproj", "{F8A2EFA3-A7ED-4EF3-B086-D8385F383EED}"
EndProject
Project("{FAE04EC0-301F-11D3-BF4B-00C04F79EFBC}") = "SoundFlow.Samples.EditingMixer", "Samples\SoundFlow.Samples.EditingMixer\SoundFlow.Samples.EditingMixer.csproj", "{4F7D53B2-B65F-42CB-862F-D515EDC29C5D}"
EndProject
Project("{FAE04EC0-301F-11D3-BF4B-00C04F79EFBC}") = "SoundFlow.Samples.MultiEngines", "Samples\SoundFlow.Samples.MultiEngines\SoundFlow.Samples.MultiEngines.csproj", "{27E45F31-9293-4BE0-B262-802A76FEA8A1}"
EndProject
Project("{2150E333-8FDC-42A3-9474-1A3956D46DE8}") = "Codecs", "Codecs", "{AD561654-6740-4A00-853A-F32FAEAB6D3F}"
EndProject
Project("{FAE04EC0-301F-11D3-BF4B-00C04F79EFBC}") = "SoundFlow.Codecs.FFMpeg", "Codecs\SoundFlow.Codecs.FFMpeg\SoundFlow.Codecs.FFMpeg.csproj", "{7B85E093-500A-4CF4-95F5-D9BA0296D5D9}"
EndProject
Project("{2150E333-8FDC-42A3-9474-1A3956D46DE8}") = "Midi", "Midi", "{C5A0147C-9D3D-42D2-8FFB-F581C2B15E4A}"
EndProject
Project("{FAE04EC0-301F-11D3-BF4B-00C04F79EFBC}") = "SoundFlow.Midi.PortMidi", "Midi\SoundFlow.Midi.PortMidi\SoundFlow.Midi.PortMidi.csproj", "{01F6F541-589C-4C0A-8D49-7BDE83CCB6E1}"
EndProject
Project("{FAE04EC0-301F-11D3-BF4B-00C04F79EFBC}") = "SoundFlow.Samples.Midi.PropertyMapping", "Samples\SoundFlow.Samples.Midi.PropertyMapping\SoundFlow.Samples.Midi.PropertyMapping.csproj", "{24565722-D172-4D70-AE63-D3E6EA0F033E}"
EndProject
Project("{FAE04EC0-301F-11D3-BF4B-00C04F79EFBC}") = "SoundFlow.Samples.Midi.BasicSequencing", "Samples\SoundFlow.Samples.Midi.BasicSequencing\SoundFlow.Samples.Midi.BasicSequencing.csproj", "{5B70C53E-EB4A-4328-BC7C-43FCFEF3FCF5}"
EndProject
Project("{FAE04EC0-301F-11D3-BF4B-00C04F79EFBC}") = "SoundFlow.Samples.Midi.SynthesisModifiers", "Samples\SoundFlow.Samples.Midi.SynthesisModifiers\SoundFlow.Samples.Midi.SynthesisModifiers.csproj", "{5BE23721-8208-4323-8C7C-7CA9F7EF54D1}"
EndProject
Project("{FAE04EC0-301F-11D3-BF4B-00C04F79EFBC}") = "SoundFlow.Samples.Security.Fingerprinting", "Samples\SoundFlow.Samples.Security.Fingerprinting\SoundFlow.Samples.Security.Fingerprinting.csproj", "{E2199245-1DDE-444C-9A32-299A6DF91ABB}"
EndProject
Project("{FAE04EC0-301F-11D3-BF4B-00C04F79EFBC}") = "SoundFlow.Samples.Security.OwnershipWatermarking", "Samples\SoundFlow.Samples.Security.OwnershipWatermarking\SoundFlow.Samples.Security.OwnershipWatermarking.csproj", "{BF025223-ABE1-4BFC-BCEF-0C5F873FAC79}"
EndProject
Project("{FAE04EC0-301F-11D3-BF4B-00C04F79EFBC}") = "SoundFlow.Samples.Security.IntegrityWatermarking", "Samples\SoundFlow.Samples.Security.IntegrityWatermarking\SoundFlow.Samples.Security.IntegrityWatermarking.csproj", "{40824ED4-AD3F-4292-9671-38B3CFDEA17C}"
EndProject
Project("{FAE04EC0-301F-11D3-BF4B-00C04F79EFBC}") = "SoundFlow.Samples.Security.Encryption", "Samples\SoundFlow.Samples.Security.Encryption\SoundFlow.Samples.Security.Encryption.csproj", "{76CA50F8-24C9-4D0C-B42B-EE839994FEAE}"
EndProject
Project("{FAE04EC0-301F-11D3-BF4B-00C04F79EFBC}") = "SoundFlow.Samples.Security.Authentication", "Samples\SoundFlow.Samples.Security.Authentication\SoundFlow.Samples.Security.Authentication.csproj", "{DD934AB4-CD4F-427C-9367-3A48C1156783}"
EndProject
Project("{FAE04EC0-301F-11D3-BF4B-00C04F79EFBC}") = "SoundFlow.Samples.Recording", "Samples\SoundFlow.Samples.Recording\SoundFlow.Samples.Recording.csproj", "{C51F35EF-3C8F-4865-A51A-99AF616191C3}"
EndProject
Global
	GlobalSection(SolutionConfigurationPlatforms) = preSolution
		Debug|Any CPU = Debug|Any CPU
		Release|Any CPU = Release|Any CPU
	EndGlobalSection
	GlobalSection(ProjectConfigurationPlatforms) = postSolution
		{D4326C2E-CDB3-47D4-8116-BB3872E81323}.Debug|Any CPU.ActiveCfg = Debug|Any CPU
		{D4326C2E-CDB3-47D4-8116-BB3872E81323}.Debug|Any CPU.Build.0 = Debug|Any CPU
		{D4326C2E-CDB3-47D4-8116-BB3872E81323}.Release|Any CPU.ActiveCfg = Release|Any CPU
		{D4326C2E-CDB3-47D4-8116-BB3872E81323}.Release|Any CPU.Build.0 = Release|Any CPU
		{11313B38-7DB4-49D9-8828-082CD93412ED}.Debug|Any CPU.ActiveCfg = Debug|Any CPU
		{11313B38-7DB4-49D9-8828-082CD93412ED}.Debug|Any CPU.Build.0 = Debug|Any CPU
		{11313B38-7DB4-49D9-8828-082CD93412ED}.Release|Any CPU.ActiveCfg = Release|Any CPU
		{11313B38-7DB4-49D9-8828-082CD93412ED}.Release|Any CPU.Build.0 = Release|Any CPU
		{46559898-2133-42CD-BE0A-B5FA9A31E737}.Debug|Any CPU.ActiveCfg = Debug|Any CPU
		{46559898-2133-42CD-BE0A-B5FA9A31E737}.Debug|Any CPU.Build.0 = Debug|Any CPU
		{46559898-2133-42CD-BE0A-B5FA9A31E737}.Release|Any CPU.ActiveCfg = Release|Any CPU
		{46559898-2133-42CD-BE0A-B5FA9A31E737}.Release|Any CPU.Build.0 = Release|Any CPU
		{961D254C-F8F7-4FD4-A2D3-D3F7821BC768}.Debug|Any CPU.ActiveCfg = Debug|Any CPU
		{961D254C-F8F7-4FD4-A2D3-D3F7821BC768}.Debug|Any CPU.Build.0 = Debug|Any CPU
		{961D254C-F8F7-4FD4-A2D3-D3F7821BC768}.Release|Any CPU.ActiveCfg = Release|Any CPU
		{961D254C-F8F7-4FD4-A2D3-D3F7821BC768}.Release|Any CPU.Build.0 = Release|Any CPU
		{F8A2EFA3-A7ED-4EF3-B086-D8385F383EED}.Debug|Any CPU.ActiveCfg = Debug|Any CPU
		{F8A2EFA3-A7ED-4EF3-B086-D8385F383EED}.Debug|Any CPU.Build.0 = Debug|Any CPU
		{F8A2EFA3-A7ED-4EF3-B086-D8385F383EED}.Release|Any CPU.ActiveCfg = Release|Any CPU
		{F8A2EFA3-A7ED-4EF3-B086-D8385F383EED}.Release|Any CPU.Build.0 = Release|Any CPU
		{4F7D53B2-B65F-42CB-862F-D515EDC29C5D}.Debug|Any CPU.ActiveCfg = Debug|Any CPU
		{4F7D53B2-B65F-42CB-862F-D515EDC29C5D}.Debug|Any CPU.Build.0 = Debug|Any CPU
		{4F7D53B2-B65F-42CB-862F-D515EDC29C5D}.Release|Any CPU.ActiveCfg = Release|Any CPU
		{4F7D53B2-B65F-42CB-862F-D515EDC29C5D}.Release|Any CPU.Build.0 = Release|Any CPU
		{27E45F31-9293-4BE0-B262-802A76FEA8A1}.Debug|Any CPU.ActiveCfg = Debug|Any CPU
		{27E45F31-9293-4BE0-B262-802A76FEA8A1}.Debug|Any CPU.Build.0 = Debug|Any CPU
		{27E45F31-9293-4BE0-B262-802A76FEA8A1}.Release|Any CPU.ActiveCfg = Release|Any CPU
		{27E45F31-9293-4BE0-B262-802A76FEA8A1}.Release|Any CPU.Build.0 = Release|Any CPU
		{7B85E093-500A-4CF4-95F5-D9BA0296D5D9}.Debug|Any CPU.ActiveCfg = Debug|Any CPU
		{7B85E093-500A-4CF4-95F5-D9BA0296D5D9}.Debug|Any CPU.Build.0 = Debug|Any CPU
		{7B85E093-500A-4CF4-95F5-D9BA0296D5D9}.Release|Any CPU.ActiveCfg = Release|Any CPU
		{7B85E093-500A-4CF4-95F5-D9BA0296D5D9}.Release|Any CPU.Build.0 = Release|Any CPU
		{01F6F541-589C-4C0A-8D49-7BDE83CCB6E1}.Debug|Any CPU.ActiveCfg = Debug|Any CPU
		{01F6F541-589C-4C0A-8D49-7BDE83CCB6E1}.Debug|Any CPU.Build.0 = Debug|Any CPU
		{01F6F541-589C-4C0A-8D49-7BDE83CCB6E1}.Release|Any CPU.ActiveCfg = Release|Any CPU
		{01F6F541-589C-4C0A-8D49-7BDE83CCB6E1}.Release|Any CPU.Build.0 = Release|Any CPU
		{24565722-D172-4D70-AE63-D3E6EA0F033E}.Debug|Any CPU.ActiveCfg = Debug|Any CPU
		{24565722-D172-4D70-AE63-D3E6EA0F033E}.Debug|Any CPU.Build.0 = Debug|Any CPU
		{24565722-D172-4D70-AE63-D3E6EA0F033E}.Release|Any CPU.ActiveCfg = Release|Any CPU
		{24565722-D172-4D70-AE63-D3E6EA0F033E}.Release|Any CPU.Build.0 = Release|Any CPU
		{5B70C53E-EB4A-4328-BC7C-43FCFEF3FCF5}.Debug|Any CPU.ActiveCfg = Debug|Any CPU
		{5B70C53E-EB4A-4328-BC7C-43FCFEF3FCF5}.Debug|Any CPU.Build.0 = Debug|Any CPU
		{5B70C53E-EB4A-4328-BC7C-43FCFEF3FCF5}.Release|Any CPU.ActiveCfg = Release|Any CPU
		{5B70C53E-EB4A-4328-BC7C-43FCFEF3FCF5}.Release|Any CPU.Build.0 = Release|Any CPU
		{5BE23721-8208-4323-8C7C-7CA9F7EF54D1}.Debug|Any CPU.ActiveCfg = Debug|Any CPU
		{5BE23721-8208-4323-8C7C-7CA9F7EF54D1}.Debug|Any CPU.Build.0 = Debug|Any CPU
		{5BE23721-8208-4323-8C7C-7CA9F7EF54D1}.Release|Any CPU.ActiveCfg = Release|Any CPU
		{5BE23721-8208-4323-8C7C-7CA9F7EF54D1}.Release|Any CPU.Build.0 = Release|Any CPU
		{E2199245-1DDE-444C-9A32-299A6DF91ABB}.Debug|Any CPU.ActiveCfg = Debug|Any CPU
		{E2199245-1DDE-444C-9A32-299A6DF91ABB}.Debug|Any CPU.Build.0 = Debug|Any CPU
		{E2199245-1DDE-444C-9A32-299A6DF91ABB}.Release|Any CPU.ActiveCfg = Release|Any CPU
		{E2199245-1DDE-444C-9A32-299A6DF91ABB}.Release|Any CPU.Build.0 = Release|Any CPU
		{BF025223-ABE1-4BFC-BCEF-0C5F873FAC79}.Debug|Any CPU.ActiveCfg = Debug|Any CPU
		{BF025223-ABE1-4BFC-BCEF-0C5F873FAC79}.Debug|Any CPU.Build.0 = Debug|Any CPU
		{BF025223-ABE1-4BFC-BCEF-0C5F873FAC79}.Release|Any CPU.ActiveCfg = Release|Any CPU
		{BF025223-ABE1-4BFC-BCEF-0C5F873FAC79}.Release|Any CPU.Build.0 = Release|Any CPU
		{40824ED4-AD3F-4292-9671-38B3CFDEA17C}.Debug|Any CPU.ActiveCfg = Debug|Any CPU
		{40824ED4-AD3F-4292-9671-38B3CFDEA17C}.Debug|Any CPU.Build.0 = Debug|Any CPU
		{40824ED4-AD3F-4292-9671-38B3CFDEA17C}.Release|Any CPU.ActiveCfg = Release|Any CPU
		{40824ED4-AD3F-4292-9671-38B3CFDEA17C}.Release|Any CPU.Build.0 = Release|Any CPU
		{76CA50F8-24C9-4D0C-B42B-EE839994FEAE}.Debug|Any CPU.ActiveCfg = Debug|Any CPU
		{76CA50F8-24C9-4D0C-B42B-EE839994FEAE}.Debug|Any CPU.Build.0 = Debug|Any CPU
		{76CA50F8-24C9-4D0C-B42B-EE839994FEAE}.Release|Any CPU.ActiveCfg = Release|Any CPU
		{76CA50F8-24C9-4D0C-B42B-EE839994FEAE}.Release|Any CPU.Build.0 = Release|Any CPU
		{DD934AB4-CD4F-427C-9367-3A48C1156783}.Debug|Any CPU.ActiveCfg = Debug|Any CPU
		{DD934AB4-CD4F-427C-9367-3A48C1156783}.Debug|Any CPU.Build.0 = Debug|Any CPU
		{DD934AB4-CD4F-427C-9367-3A48C1156783}.Release|Any CPU.ActiveCfg = Release|Any CPU
		{DD934AB4-CD4F-427C-9367-3A48C1156783}.Release|Any CPU.Build.0 = Release|Any CPU
		{C51F35EF-3C8F-4865-A51A-99AF616191C3}.Debug|Any CPU.ActiveCfg = Debug|Any CPU
		{C51F35EF-3C8F-4865-A51A-99AF616191C3}.Debug|Any CPU.Build.0 = Debug|Any CPU
		{C51F35EF-3C8F-4865-A51A-99AF616191C3}.Release|Any CPU.ActiveCfg = Release|Any CPU
		{C51F35EF-3C8F-4865-A51A-99AF616191C3}.Release|Any CPU.Build.0 = Release|Any CPU
	EndGlobalSection
	GlobalSection(NestedProjects) = preSolution
		{D4326C2E-CDB3-47D4-8116-BB3872E81323} = {7841F9AA-861F-4684-8DEC-2828FB3AE048}
		{11313B38-7DB4-49D9-8828-082CD93412ED} = {BE06375D-0A93-4916-A551-9875089314CC}
		{46559898-2133-42CD-BE0A-B5FA9A31E737} = {BE06375D-0A93-4916-A551-9875089314CC}
		{961D254C-F8F7-4FD4-A2D3-D3F7821BC768} = {E17494BE-7B68-48EF-8541-0E0C213FAE40}
		{F8A2EFA3-A7ED-4EF3-B086-D8385F383EED} = {BE06375D-0A93-4916-A551-9875089314CC}
		{4F7D53B2-B65F-42CB-862F-D515EDC29C5D} = {BE06375D-0A93-4916-A551-9875089314CC}
		{27E45F31-9293-4BE0-B262-802A76FEA8A1} = {BE06375D-0A93-4916-A551-9875089314CC}
		{7B85E093-500A-4CF4-95F5-D9BA0296D5D9} = {AD561654-6740-4A00-853A-F32FAEAB6D3F}
		{01F6F541-589C-4C0A-8D49-7BDE83CCB6E1} = {C5A0147C-9D3D-42D2-8FFB-F581C2B15E4A}
		{24565722-D172-4D70-AE63-D3E6EA0F033E} = {BE06375D-0A93-4916-A551-9875089314CC}
		{5B70C53E-EB4A-4328-BC7C-43FCFEF3FCF5} = {BE06375D-0A93-4916-A551-9875089314CC}
		{5BE23721-8208-4323-8C7C-7CA9F7EF54D1} = {BE06375D-0A93-4916-A551-9875089314CC}
		{E2199245-1DDE-444C-9A32-299A6DF91ABB} = {BE06375D-0A93-4916-A551-9875089314CC}
		{BF025223-ABE1-4BFC-BCEF-0C5F873FAC79} = {BE06375D-0A93-4916-A551-9875089314CC}
		{40824ED4-AD3F-4292-9671-38B3CFDEA17C} = {BE06375D-0A93-4916-A551-9875089314CC}
		{76CA50F8-24C9-4D0C-B42B-EE839994FEAE} = {BE06375D-0A93-4916-A551-9875089314CC}
		{DD934AB4-CD4F-427C-9367-3A48C1156783} = {BE06375D-0A93-4916-A551-9875089314CC}
		{C51F35EF-3C8F-4865-A51A-99AF616191C3} = {BE06375D-0A93-4916-A551-9875089314CC}
	EndGlobalSection
EndGlobal
